
Microsoft Visual Studio Solution File, Format Version 12.00
# Visual Studio Version 16
VisualStudioVersion = 16.0.29306.81
MinimumVisualStudioVersion = 10.0.40219.1
Project("{FAE04EC0-301F-11D3-BF4B-00C04F79EFBC}") = "XSocket", "XSocket\XSocket.csproj", "{C3D193A7-C0A2-46F8-A9AC-555A4273E6F3}"
EndProject
Project("{FAE04EC0-301F-11D3-BF4B-00C04F79EFBC}") = "ConsoleApp1", "ConsoleApp1\ConsoleApp1.csproj", "{607F6FEB-E9B9-482D-B8CA-8365B5557CD0}"
EndProject
Global
	GlobalSection(SolutionConfigurationPlatforms) = preSolution
		Debug|Any CPU = Debug|Any CPU
		Release|Any CPU = Release|Any CPU
	EndGlobalSection
	GlobalSection(ProjectConfigurationPlatforms) = postSolution
		{C3D193A7-C0A2-46F8-A9AC-555A4273E6F3}.Debug|Any CPU.ActiveCfg = Debug|Any CPU
		{C3D193A7-C0A2-46F8-A9AC-555A4273E6F3}.Debug|Any CPU.Build.0 = Debug|Any CPU
		{C3D193A7-C0A2-46F8-A9AC-555A4273E6F3}.Release|Any CPU.ActiveCfg = Release|Any CPU
		{C3D193A7-C0A2-46F8-A9AC-555A4273E6F3}.Release|Any CPU.Build.0 = Release|Any CPU
		{607F6FEB-E9B9-482D-B8CA-8365B5557CD0}.Debug|Any CPU.ActiveCfg = Debug|Any CPU
		{607F6FEB-E9B9-482D-B8CA-8365B5557CD0}.Debug|Any CPU.Build.0 = Debug|Any CPU
		{607F6FEB-E9B9-482D-B8CA-8365B5557CD0}.Release|Any CPU.ActiveCfg = Release|Any CPU
		{607F6FEB-E9B9-482D-B8CA-8365B5557CD0}.Release|Any CPU.Build.0 = Release|Any CPU
	EndGlobalSection
	GlobalSection(SolutionProperties) = preSolution
		HideSolutionNode = FALSE
	EndGlobalSection
	GlobalSection(ExtensibilityGlobals) = postSolution
		SolutionGuid = {DD604D08-7A19-4257-8923-26DB022F7561}
	EndGlobalSection
EndGlobal
